
Microsoft Visual Studio Solution File, Format Version 12.00
# Visual Studio Version 17
VisualStudioVersion = 17.2.32630.192
MinimumVisualStudioVersion = 10.0.40219.1
Project("{9A19103F-16F7-4668-BE54-9A1E7A4F7556}") = "CoinSwapBot", "CoinSwapBot\CoinSwapBot.csproj", "{AFA99F6D-F0CF-4FCE-968E-F0FA5D54AE9D}"
EndProject
Project("{9A19103F-16F7-4668-BE54-9A1E7A4F7556}") = "CoinSwapBot.Domain", "CoinSwapBot.Domain\CoinSwapBot.Domain.csproj", "{B7C2DBEA-D0E2-49D0-8C4D-243937F7511C}"
EndProject
Project("{FAE04EC0-301F-11D3-BF4B-00C04F79EFBC}") = "CoinSwapBot.Application", "CoinSwapBot.Application\CoinSwapBot.Application.csproj", "{52FEAF12-054B-4BAD-B6D6-A24B122B5D3A}"
EndProject
Project("{FAE04EC0-301F-11D3-BF4B-00C04F79EFBC}") = "CoinSwapBot.Infrastructure", "CoinSwapBot.Infrastructure\CoinSwapBot.Infrastructure.csproj", "{097239D0-13A6-45FC-BB23-DF9B7CD66C9B}"
EndProject
Global
	GlobalSection(SolutionConfigurationPlatforms) = preSolution
		Debug|Any CPU = Debug|Any CPU
		Release|Any CPU = Release|Any CPU
	EndGlobalSection
	GlobalSection(ProjectConfigurationPlatforms) = postSolution
		{AFA99F6D-F0CF-4FCE-968E-F0FA5D54AE9D}.Debug|Any CPU.ActiveCfg = Debug|Any CPU
		{AFA99F6D-F0CF-4FCE-968E-F0FA5D54AE9D}.Debug|Any CPU.Build.0 = Debug|Any CPU
		{AFA99F6D-F0CF-4FCE-968E-F0FA5D54AE9D}.Release|Any CPU.ActiveCfg = Release|Any CPU
		{AFA99F6D-F0CF-4FCE-968E-F0FA5D54AE9D}.Release|Any CPU.Build.0 = Release|Any CPU
		{B7C2DBEA-D0E2-49D0-8C4D-243937F7511C}.Debug|Any CPU.ActiveCfg = Debug|Any CPU
		{B7C2DBEA-D0E2-49D0-8C4D-243937F7511C}.Debug|Any CPU.Build.0 = Debug|Any CPU
		{B7C2DBEA-D0E2-49D0-8C4D-243937F7511C}.Release|Any CPU.ActiveCfg = Release|Any CPU
		{B7C2DBEA-D0E2-49D0-8C4D-243937F7511C}.Release|Any CPU.Build.0 = Release|Any CPU
		{52FEAF12-054B-4BAD-B6D6-A24B122B5D3A}.Debug|Any CPU.ActiveCfg = Debug|Any CPU
		{52FEAF12-054B-4BAD-B6D6-A24B122B5D3A}.Debug|Any CPU.Build.0 = Debug|Any CPU
		{52FEAF12-054B-4BAD-B6D6-A24B122B5D3A}.Release|Any CPU.ActiveCfg = Release|Any CPU
		{52FEAF12-054B-4BAD-B6D6-A24B122B5D3A}.Release|Any CPU.Build.0 = Release|Any CPU
		{097239D0-13A6-45FC-BB23-DF9B7CD66C9B}.Debug|Any CPU.ActiveCfg = Debug|Any CPU
		{097239D0-13A6-45FC-BB23-DF9B7CD66C9B}.Debug|Any CPU.Build.0 = Debug|Any CPU
		{097239D0-13A6-45FC-BB23-DF9B7CD66C9B}.Release|Any CPU.ActiveCfg = Release|Any CPU
		{097239D0-13A6-45FC-BB23-DF9B7CD66C9B}.Release|Any CPU.Build.0 = Release|Any CPU
	EndGlobalSection
	GlobalSection(SolutionProperties) = preSolution
		HideSolutionNode = FALSE
	EndGlobalSection
	GlobalSection(ExtensibilityGlobals) = postSolution
		SolutionGuid = {BE860C65-724E-434D-8E5B-FAAF35259F6D}
	EndGlobalSection
EndGlobal
